
Microsoft Visual Studio Solution File, Format Version 12.00
# Visual Studio Version 16
VisualStudioVersion = 16.0.31624.102
MinimumVisualStudioVersion = 10.0.40219.1
Project("{FAE04EC0-301F-11D3-BF4B-00C04F79EFBC}") = "Casa De Cambio", "Casa De Cambio\Casa De Cambio.csproj", "{4640B0A9-6B98-45C7-9457-9AA21E9B422C}"
EndProject
Global
	GlobalSection(SolutionConfigurationPlatforms) = preSolution
		Debug|Any CPU = Debug|Any CPU
		Release|Any CPU = Release|Any CPU
	EndGlobalSection
	GlobalSection(ProjectConfigurationPlatforms) = postSolution
		{4640B0A9-6B98-45C7-9457-9AA21E9B422C}.Debug|Any CPU.ActiveCfg = Debug|Any CPU
		{4640B0A9-6B98-45C7-9457-9AA21E9B422C}.Debug|Any CPU.Build.0 = Debug|Any CPU
		{4640B0A9-6B98-45C7-9457-9AA21E9B422C}.Release|Any CPU.ActiveCfg = Release|Any CPU
		{4640B0A9-6B98-45C7-9457-9AA21E9B422C}.Release|Any CPU.Build.0 = Release|Any CPU
	EndGlobalSection
	GlobalSection(SolutionProperties) = preSolution
		HideSolutionNode = FALSE
	EndGlobalSection
	GlobalSection(ExtensibilityGlobals) = postSolution
		SolutionGuid = {35FBD401-5B88-4780-B2A7-E98E00104A64}
	EndGlobalSection
EndGlobal
